// !$*UTF8*$!
{
	archiveVersion = 1;
	classes = {
	};
	objectVersion = 46;
	objects = {

/* Begin PBXBuildFile section */
		AE469F041F8903AE0094C8DB /* AppDelegate.swift in Sources */ = {isa = PBXBuildFile; fileRef = AE469F031F8903AE0094C8DB /* AppDelegate.swift */; };
		AE469F061F8903AE0094C8DB /* ViewController.swift in Sources */ = {isa = PBXBuildFile; fileRef = AE469F051F8903AE0094C8DB /* ViewController.swift */; };
		AE469F091F8903AE0094C8DB /* Main.storyboard in Resources */ = {isa = PBXBuildFile; fileRef = AE469F071F8903AE0094C8DB /* Main.storyboard */; };
		AE469F0B1F8903AE0094C8DB /* Assets.xcassets in Resources */ = {isa = PBXBuildFile; fileRef = AE469F0A1F8903AE0094C8DB /* Assets.xcassets */; };
		AE469F0E1F8903AE0094C8DB /* LaunchScreen.storyboard in Resources */ = {isa = PBXBuildFile; fileRef = AE469F0C1F8903AE0094C8DB /* LaunchScreen.storyboard */; };
/* End PBXBuildFile section */

/* Begin PBXFileReference section */
		AE469F001F8903AE0094C8DB /* ForGit.app */ = {isa = PBXFileReference; explicitFileType = wrapper.application; includeInIndex = 0; path = ForGit.app; sourceTree = BUILT_PRODUCTS_DIR; };
		AE469F031F8903AE0094C8DB /* AppDelegate.swift */ = {isa = PBXFileReference; lastKnownFileType = sourcecode.swift; path = AppDelegate.swift; sourceTree = "<group>"; };
		AE469F051F8903AE0094C8DB /* ViewController.swift */ = {isa = PBXFileReference; lastKnownFileType = sourcecode.swift; path = ViewController.swift; sourceTree = "<group>"; };
		AE469F081F8903AE0094C8DB /* Base */ = {isa = PBXFileReference; lastKnownFileType = file.storyboard; name = Base; path = Base.lproj/Main.storyboard; sourceTree = "<group>"; };
		AE469F0A1F8903AE0094C8DB /* Assets.xcassets */ = {isa = PBXFileReference; lastKnownFileType = folder.assetcatalog; path = Assets.xcassets; sourceTree = "<group>"; };
		AE469F0D1F8903AE0094C8DB /* Base */ = {isa = PBXFileReference; lastKnownFileType = file.storyboard; name = Base; path = Base.lproj/LaunchScreen.storyboard; sourceTree = "<group>"; };
		AE469F0F1F8903AE0094C8DB /* Info.plist */ = {isa = PBXFileReference; lastKnownFileType = text.plist.xml; path = Info.plist; sourceTree = "<group>"; };
/* End PBXFileReference section */

/* Begin PBXFrameworksBuildPhase section */
		AE469EFD1F8903AE0094C8DB /* Frameworks */ = {
			isa = PBXFrameworksBuildPhase;
			buildActionMask = 2147483647;
			files = (
			);
			runOnlyForDeploymentPostprocessing = 0;
		};
/* End PBXFrameworksBuildPhase section */

/* Begin PBXGroup section */
		AE469EF71F8903AE0094C8DB = {
			isa = PBXGroup;
			children = (
				AE469F021F8903AE0094C8DB /* ForGit */,
				AE469F011F8903AE0094C8DB /* Products */,
			);
			sourceTree = "<group>";
		};
		AE469F011F8903AE0094C8DB /* Products */ = {
			isa = PBXGroup;
			children = (
				AE469F001F8903AE0094C8DB /* ForGit.app */,
			);
			name = Products;
			sourceTree = "<group>";
		};
		AE469F021F8903AE0094C8DB /* ForGit */ = {
			isa = PBXGroup;
			children = (
				AE469F031F8903AE0094C8DB /* AppDelegate.swift */,
				AE469F051F8903AE0094C8DB /* ViewController.swift */,
				AE469F071F8903AE0094C8DB /* Main.storyboard */,
				AE469F0A1F8903AE0094C8DB /* Assets.xcassets */,
				AE469F0C1F8903AE0094C8DB /* LaunchScreen.storyboard */,
				AE469F0F1F8903AE0094C8DB /* Info.plist */,
			);
			path = ForGit;
			sourceTree = "<group>";
		};
/* End PBXGroup section */

/* Begin PBXNativeTarget section */
		AE469EFF1F8903AE0094C8DB /* ForGit */ = {
			isa = PBXNativeTarget;
			buildConfigurationList = AE469F121F8903AE0094C8DB /* Build configuration list for PBXNativeTarget "ForGit" */;
			buildPhases = (
				AE469EFC1F8903AE0094C8DB /* Sources */,
				AE469EFD1F8903AE0094C8DB /* Frameworks */,
				AE469EFE1F8903AE0094C8DB /* Resources */,
			);
			buildRules = (
			);
			dependencies = (
			);
			name = ForGit;
			productName = ForGit;
			productReference = AE469F001F8903AE0094C8DB /* ForGit.app */;
			productType = "com.apple.product-type.application";
		};
/* End PBXNativeTarget section */

/* Begin PBXProject section */
		AE469EF81F8903AE0094C8DB /* Project object */ = {
			isa = PBXProject;
			attributes = {
				LastSwiftUpdateCheck = 0800;
				LastUpgradeCheck = 0800;
				ORGANIZATIONNAME = VSU;
				TargetAttributes = {
					AE469EFF1F8903AE0094C8DB = {
						CreatedOnToolsVersion = 8.0;
						ProvisioningStyle = Automatic;
					};
				};
			};
			buildConfigurationList = AE469EFB1F8903AE0094C8DB /* Build configuration list for PBXProject "ForGit" */;
			compatibilityVersion = "Xcode 3.2";
			developmentRegion = English;
			hasScannedForEncodings = 0;
			knownRegions = (
				en,
				Base,
			);
			mainGroup = AE469EF71F8903AE0094C8DB;
			productRefGroup = AE469F011F8903AE0094C8DB /* Products */;
			projectDirPath = "";
			projectRoot = "";
			targets = (
				AE469EFF1F8903AE0094C8DB /* ForGit */,
			);
		};
/* End PBXProject section */

/* Begin PBXResourcesBuildPhase section */
		AE469EFE1F8903AE0094C8DB /* Resources */ = {
			isa = PBXResourcesBuildPhase;
			buildActionMask = 2147483647;
			files = (
				AE469F0E1F8903AE0094C8DB /* LaunchScreen.storyboard in Resources */,
				AE469F0B1F8903AE0094C8DB /* Assets.xcassets in Resources */,
				AE469F091F8903AE0094C8DB /* Main.storyboard in Resources */,
			);
			runOnlyForDeploymentPostprocessing = 0;
		};
/* End PBXResourcesBuildPhase section */

/* Begin PBXSourcesBuildPhase section */
		AE469EFC1F8903AE0094C8DB /* Sources */ = {
			isa = PBXSourcesBuildPhase;
			buildActionMask = 2147483647;
			files = (
				AE469F061F8903AE0094C8DB /* ViewController.swift in Sources */,
				AE469F041F8903AE0094C8DB /* AppDelegate.swift in Sources */,
			);
			runOnlyForDeploymentPostprocessing = 0;
		};
/* End PBXSourcesBuildPhase section */

/* Begin PBXVariantGroup section */
		AE469F071F8903AE0094C8DB /* Main.storyboard */ = {
			isa = PBXVariantGroup;
			children = (
				AE469F081F8903AE0094C8DB /* Base */,
			);
			name = Main.storyboard;
			sourceTree = "<group>";
		};
		AE469F0C1F8903AE0094C8DB /* LaunchScreen.storyboard */ = {
			isa = PBXVariantGroup;
			children = (
				AE469F0D1F8903AE0094C8DB /* Base */,
			);
			name = LaunchScreen.storyboard;
			sourceTree = "<group>";
		};
/* End PBXVariantGroup section */

/* Begin XCBuildConfiguration section */
		AE469F101F8903AE0094C8DB /* Debug */ = {
			isa = XCBuildConfiguration;
			buildSettings = {
				ALWAYS_SEARCH_USER_PATHS = NO;
				CLANG_ANALYZER_NONNULL = YES;
				CLANG_CXX_LANGUAGE_STANDARD = "gnu++0x";
				CLANG_CXX_LIBRARY = "libc++";
				CLANG_ENABLE_MODULES = YES;
				CLANG_ENABLE_OBJC_ARC = YES;
				CLANG_WARN_BOOL_CONVERSION = YES;
				CLANG_WARN_CONSTANT_CONVERSION = YES;
				CLANG_WARN_DIRECT_OBJC_ISA_USAGE = YES_ERROR;
				CLANG_WARN_DOCUMENTATION_COMMENTS = YES;
				CLANG_WARN_EMPTY_BODY = YES;
				CLANG_WARN_ENUM_CONVERSION = YES;
				CLANG_WARN_INFINITE_RECURSION = YES;
				CLANG_WARN_INT_CONVERSION = YES;
				CLANG_WARN_OBJC_ROOT_CLASS = YES_ERROR;
				CLANG_WARN_SUSPICIOUS_MOVES = YES;
				CLANG_WARN_UNREACHABLE_CODE = YES;
				CLANG_WARN__DUPLICATE_METHOD_MATCH = YES;
				"CODE_SIGN_IDENTITY[sdk=iphoneos*]" = "iPhone Developer";
				COPY_PHASE_STRIP = NO;
				DEBUG_INFORMATION_FORMAT = dwarf;
				ENABLE_STRICT_OBJC_MSGSEND = YES;
				ENABLE_TESTABILITY = YES;
				GCC_C_LANGUAGE_STANDARD = gnu99;
				GCC_DYNAMIC_NO_PIC = NO;
				GCC_NO_COMMON_BLOCKS = YES;
				GCC_OPTIMIZATION_LEVEL = 0;
				GCC_PREPROCESSOR_DEFINITIONS = (
					"DEBUG=1",
					"$(inherited)",
				);
				GCC_WARN_64_TO_32_BIT_CONVERSION = YES;
				GCC_WARN_ABOUT_RETURN_TYPE = YES_ERROR;
				GCC_WARN_UNDECLARED_SELECTOR = YES;
				GCC_WARN_UNINITIALIZED_AUTOS = YES_AGGRESSIVE;
				GCC_WARN_UNUSED_FUNCTION = YES;
				GCC_WARN_UNUSED_VARIABLE = YES;
				IPHONEOS_DEPLOYMENT_TARGET = 10.0;
				MTL_ENABLE_DEBUG_INFO = YES;
				ONLY_ACTIVE_ARCH = YES;
				SDKROOT = iphoneos;
				SWIFT_ACTIVE_COMPILATION_CONDITIONS = DEBUG;
				SWIFT_OPTIMIZATION_LEVEL = "-Onone";
			};
			name = Debug;
		};
		AE469F111F8903AE0094C8DB /* Release */ = {
			isa = XCBuildConfiguration;
			buildSettings = {
				ALWAYS_SEARCH_USER_PATHS = NO;
				CLANG_ANALYZER_NONNULL = YES;
				CLANG_CXX_LANGUAGE_STANDARD = "gnu++0x";
				CLANG_CXX_LIBRARY = "libc++";
				CLANG_ENABLE_MODULES = YES;
				CLANG_ENABLE_OBJC_ARC = YES;
				CLANG_WARN_BOOL_CONVERSION = YES;
				CLANG_WARN_CONSTANT_CONVERSION = YES;
				CLANG_WARN_DIRECT_OBJC_ISA_USAGE = YES_ERROR;
				CLANG_WARN_DOCUMENTATION_COMMENTS = YES;
				CLANG_WARN_EMPTY_BODY = YES;
				CLANG_WARN_ENUM_CONVERSION = YES;
				CLANG_WARN_INFINITE_RECURSION = YES;
				CLANG_WARN_INT_CONVERSION = YES;
				CLANG_WARN_OBJC_ROOT_CLASS = YES_ERROR;
				CLANG_WARN_SUSPICIOUS_MOVES = YES;
				CLANG_WARN_UNREACHABLE_CODE = YES;
				CLANG_WARN__DUPLICATE_METHOD_MATCH = YES;
				"CODE_SIGN_IDENTITY[sdk=iphoneos*]" = "iPhone Developer";
				COPY_PHASE_STRIP = NO;
				DEBUG_INFORMATION_FORMAT = "dwarf-with-dsym";
				ENABLE_NS_ASSERTIONS = NO;
				ENABLE_STRICT_OBJC_MSGSEND = YES;
				GCC_C_LANGUAGE_STANDARD = gnu99;
				GCC_NO_COMMON_BLOCKS = YES;
				GCC_WARN_64_TO_32_BIT_CONVERSION = YES;
				GCC_WARN_ABOUT_RETURN_TYPE = YES_ERROR;
				GCC_WARN_UNDECLARED_SELECTOR = YES;
				GCC_WARN_UNINITIALIZED_AUTOS = YES_AGGRESSIVE;
				GCC_WARN_UNUSED_FUNCTION = YES;
				GCC_WARN_UNUSED_VARIABLE = YES;
				IPHONEOS_DEPLOYMENT_TARGET = 10.0;
				MTL_ENABLE_DEBUG_INFO = NO;
				SDKROOT = iphoneos;
				SWIFT_OPTIMIZATION_LEVEL = "-Owholemodule";
				VALIDATE_PRODUCT = YES;
			};
			name = Release;
		};
		AE469F131F8903AE0094C8DB /* Debug */ = {
			isa = XCBuildConfiguration;
			buildSettings = {
				ASSETCATALOG_COMPILER_APPICON_NAME = AppIcon;
				INFOPLIST_FILE = ForGit/Info.plist;
				LD_RUNPATH_SEARCH_PATHS = "$(inherited) @executable_path/Frameworks";
				PRODUCT_BUNDLE_IDENTIFIER = com.vsu.amm.calcms.ForGit;
				PRODUCT_NAME = "$(TARGET_NAME)";
				SWIFT_VERSION = 3.0;
			};
			name = Debug;
		};
		AE469F141F8903AE0094C8DB /* Release */ = {
			isa = XCBuildConfiguration;
			buildSettings = {
				ASSETCATALOG_COMPILER_APPICON_NAME = AppIcon;
				INFOPLIST_FILE = ForGit/Info.plist;
				LD_RUNPATH_SEARCH_PATHS = "$(inherited) @executable_path/Frameworks";
				PRODUCT_BUNDLE_IDENTIFIER = com.vsu.amm.calcms.ForGit;
				PRODUCT_NAME = "$(TARGET_NAME)";
				SWIFT_VERSION = 3.0;
			};
			name = Release;
		};
/* End XCBuildConfiguration section */

/* Begin XCConfigurationList section */
		AE469EFB1F8903AE0094C8DB /* Build configuration list for PBXProject "ForGit" */ = {
			isa = XCConfigurationList;
			buildConfigurations = (
				AE469F101F8903AE0094C8DB /* Debug */,
				AE469F111F8903AE0094C8DB /* Release */,
			);
			defaultConfigurationIsVisible = 0;
			defaultConfigurationName = Release;
		};
		AE469F121F8903AE0094C8DB /* Build configuration list for PBXNativeTarget "ForGit" */ = {
			isa = XCConfigurationList;
			buildConfigurations = (
				AE469F131F8903AE0094C8DB /* Debug */,
				AE469F141F8903AE0094C8DB /* Release */,
			);
			defaultConfigurationIsVisible = 0;
		};
/* End XCConfigurationList section */
	};
	rootObject = AE469EF81F8903AE0094C8DB /* Project object */;
}
